
Microsoft Visual Studio Solution File, Format Version 12.00
# Visual Studio 15
Project("{FAE04EC0-301F-11D3-BF4B-00C04F79EFBC}") = "Assembly-CSharp", "Assembly-CSharp.csproj", "{14A10488-EB71-C343-BF35-37520D47A25E}"
EndProject
Project("{FAE04EC0-301F-11D3-BF4B-00C04F79EFBC}") = "Assembly-CSharp-firstpass", "Assembly-CSharp-firstpass.csproj", "{A42CC397-1E9A-FBB4-7EE8-1DD9EF9BA80F}"
EndProject
Global
	GlobalSection(SolutionConfigurationPlatforms) = preSolution
		Debug|Any CPU = Debug|Any CPU
		Release|Any CPU = Release|Any CPU
	EndGlobalSection
	GlobalSection(ProjectConfigurationPlatforms) = postSolution
		{14A10488-EB71-C343-BF35-37520D47A25E}.Debug|Any CPU.ActiveCfg = Debug|Any CPU
		{14A10488-EB71-C343-BF35-37520D47A25E}.Debug|Any CPU.Build.0 = Debug|Any CPU
		{14A10488-EB71-C343-BF35-37520D47A25E}.Release|Any CPU.ActiveCfg = Release|Any CPU
		{14A10488-EB71-C343-BF35-37520D47A25E}.Release|Any CPU.Build.0 = Release|Any CPU
		{A42CC397-1E9A-FBB4-7EE8-1DD9EF9BA80F}.Debug|Any CPU.ActiveCfg = Debug|Any CPU
		{A42CC397-1E9A-FBB4-7EE8-1DD9EF9BA80F}.Debug|Any CPU.Build.0 = Debug|Any CPU
		{A42CC397-1E9A-FBB4-7EE8-1DD9EF9BA80F}.Release|Any CPU.ActiveCfg = Release|Any CPU
		{A42CC397-1E9A-FBB4-7EE8-1DD9EF9BA80F}.Release|Any CPU.Build.0 = Release|Any CPU
	EndGlobalSection
	GlobalSection(SolutionProperties) = preSolution
		HideSolutionNode = FALSE
	EndGlobalSection
EndGlobal
