
Microsoft Visual Studio Solution File, Format Version 12.00
# Visual Studio 15
Project("{FAE04EC0-301F-11D3-BF4B-00C04F79EFBC}") = "Assembly-CSharp", "Assembly-CSharp.csproj", "{8AE658BE-25FC-DFAF-B9F1-53E85B8766D2}"
EndProject
Project("{FAE04EC0-301F-11D3-BF4B-00C04F79EFBC}") = "Assembly-CSharp-firstpass", "Assembly-CSharp-firstpass.csproj", "{52979480-7A41-7569-1B0B-4066FF7A0CDC}"
EndProject
Global
	GlobalSection(SolutionConfigurationPlatforms) = preSolution
		Debug|Any CPU = Debug|Any CPU
		Release|Any CPU = Release|Any CPU
	EndGlobalSection
	GlobalSection(ProjectConfigurationPlatforms) = postSolution
		{8AE658BE-25FC-DFAF-B9F1-53E85B8766D2}.Debug|Any CPU.ActiveCfg = Debug|Any CPU
		{8AE658BE-25FC-DFAF-B9F1-53E85B8766D2}.Debug|Any CPU.Build.0 = Debug|Any CPU
		{8AE658BE-25FC-DFAF-B9F1-53E85B8766D2}.Release|Any CPU.ActiveCfg = Release|Any CPU
		{8AE658BE-25FC-DFAF-B9F1-53E85B8766D2}.Release|Any CPU.Build.0 = Release|Any CPU
		{52979480-7A41-7569-1B0B-4066FF7A0CDC}.Debug|Any CPU.ActiveCfg = Debug|Any CPU
		{52979480-7A41-7569-1B0B-4066FF7A0CDC}.Debug|Any CPU.Build.0 = Debug|Any CPU
		{52979480-7A41-7569-1B0B-4066FF7A0CDC}.Release|Any CPU.ActiveCfg = Release|Any CPU
		{52979480-7A41-7569-1B0B-4066FF7A0CDC}.Release|Any CPU.Build.0 = Release|Any CPU
	EndGlobalSection
	GlobalSection(SolutionProperties) = preSolution
		HideSolutionNode = FALSE
	EndGlobalSection
EndGlobal
